// !$*UTF8*$!
{
	archiveVersion = 1;
	classes = {
	};
	objectVersion = 51;
	objects = {

/* Begin PBXBuildFile section */
		064A163F82DF3C6C16B68523 /* Pods_RecipleaseTests.framework in Frameworks */ = {isa = PBXBuildFile; fileRef = 1DCF62F750FC2A649C0DF16B /* Pods_RecipleaseTests.framework */; };
		77115EE4DB57B730AA1A0A04 /* Pods_Reciplease_RecipleaseUITests.framework in Frameworks */ = {isa = PBXBuildFile; fileRef = B055D6872B6ED2E94059C79C /* Pods_Reciplease_RecipleaseUITests.framework */; };
		7E6C8B60A309E961F4229FF7 /* Pods_Reciplease.framework in Frameworks */ = {isa = PBXBuildFile; fileRef = 6A2441B02F5AC1BD7F767A7A /* Pods_Reciplease.framework */; };
		E029A33D253C380800CED162 /* CoreDataTest.swift in Sources */ = {isa = PBXBuildFile; fileRef = E029A33C253C380800CED162 /* CoreDataTest.swift */; };
		E0316A562529F95D00C33449 /* AppDelegate.swift in Sources */ = {isa = PBXBuildFile; fileRef = E0316A552529F95D00C33449 /* AppDelegate.swift */; };
		E0316A582529F95D00C33449 /* SceneDelegate.swift in Sources */ = {isa = PBXBuildFile; fileRef = E0316A572529F95D00C33449 /* SceneDelegate.swift */; };
		E0316A5D2529F95D00C33449 /* Main.storyboard in Resources */ = {isa = PBXBuildFile; fileRef = E0316A5B2529F95D00C33449 /* Main.storyboard */; };
		E0316A602529F95D00C33449 /* Reciplease.xcdatamodeld in Sources */ = {isa = PBXBuildFile; fileRef = E0316A5E2529F95D00C33449 /* Reciplease.xcdatamodeld */; };
		E0316A622529F95E00C33449 /* Assets.xcassets in Resources */ = {isa = PBXBuildFile; fileRef = E0316A612529F95E00C33449 /* Assets.xcassets */; };
		E0316A652529F95E00C33449 /* LaunchScreen.storyboard in Resources */ = {isa = PBXBuildFile; fileRef = E0316A632529F95E00C33449 /* LaunchScreen.storyboard */; };
		E0316A702529F95E00C33449 /* RecipesTests.swift in Sources */ = {isa = PBXBuildFile; fileRef = E0316A6F2529F95E00C33449 /* RecipesTests.swift */; };
		E0316A7B2529F95E00C33449 /* RecipleaseUITests.swift in Sources */ = {isa = PBXBuildFile; fileRef = E0316A7A2529F95E00C33449 /* RecipleaseUITests.swift */; };
		E05315A325349556007A5CE9 /* CoreDataManager.swift in Sources */ = {isa = PBXBuildFile; fileRef = E05315A225349556007A5CE9 /* CoreDataManager.swift */; };
		E05315AD253495EC007A5CE9 /* FakeContext.swift in Sources */ = {isa = PBXBuildFile; fileRef = E05315AC253495EC007A5CE9 /* FakeContext.swift */; };
		E0533CA8252F0F6B00B8FA8B /* TypeAlias.swift in Sources */ = {isa = PBXBuildFile; fileRef = E0533CA7252F0F6B00B8FA8B /* TypeAlias.swift */; };
		E0615B3D252B1ED3003AC191 /* APIConfig.swift in Sources */ = {isa = PBXBuildFile; fileRef = E0615B3C252B1ED3003AC191 /* APIConfig.swift */; };
		E0615B42252B1F9E003AC191 /* NetworkServices.swift in Sources */ = {isa = PBXBuildFile; fileRef = E0615B41252B1F9E003AC191 /* NetworkServices.swift */; };
		E0615B6B252B33E8003AC191 /* RecipesModel.swift in Sources */ = {isa = PBXBuildFile; fileRef = E0615B6A252B33E8003AC191 /* RecipesModel.swift */; };
		E06881BE252B5132009C1230 /* RecipesResult.json in Resources */ = {isa = PBXBuildFile; fileRef = E06881BD252B5132009C1230 /* RecipesResult.json */; };
		E0698C75253C42CB00F42CBB /* FavoritesTableViewController.swift in Sources */ = {isa = PBXBuildFile; fileRef = E0698C74253C42CB00F42CBB /* FavoritesTableViewController.swift */; };
		E0698C85253EE10500F42CBB /* UIViewController+AlertController.swift in Sources */ = {isa = PBXBuildFile; fileRef = E0698C84253EE10500F42CBB /* UIViewController+AlertController.swift */; };
		E0698C8D253F06F800F42CBB /* String+Predicate.swift in Sources */ = {isa = PBXBuildFile; fileRef = E0698C8C253F06F800F42CBB /* String+Predicate.swift */; };
		E07625FE252A02A30012BC41 /* RecipeSearchController.swift in Sources */ = {isa = PBXBuildFile; fileRef = E07625FD252A02A30012BC41 /* RecipeSearchController.swift */; };
		E0762609252A11C50012BC41 /* UIButton.swift in Sources */ = {isa = PBXBuildFile; fileRef = E0762608252A11C50012BC41 /* UIButton.swift */; };
		E07BADB5252F05E900DCD0F0 /* RecipesListTableViewController.swift in Sources */ = {isa = PBXBuildFile; fileRef = E07BADB4252F05E900DCD0F0 /* RecipesListTableViewController.swift */; };
		E07BADD4252F097400DCD0F0 /* Constants.swift in Sources */ = {isa = PBXBuildFile; fileRef = E07BADD3252F097400DCD0F0 /* Constants.swift */; };
		E084CB4E25349C0D005AE0FA /* Double+String.swift in Sources */ = {isa = PBXBuildFile; fileRef = E084CB4D25349C0D005AE0FA /* Double+String.swift */; };
		E0B2BD37252C8FDA00B39584 /* FakeAlamoSession.swift in Sources */ = {isa = PBXBuildFile; fileRef = E0B2BD36252C8FDA00B39584 /* FakeAlamoSession.swift */; };
		E0B2BD3C252C949600B39584 /* FakeResponse.swift in Sources */ = {isa = PBXBuildFile; fileRef = E0B2BD3B252C949600B39584 /* FakeResponse.swift */; };
		E0B2BD41252CBE1B00B39584 /* NetworkError.swift in Sources */ = {isa = PBXBuildFile; fileRef = E0B2BD40252CBE1B00B39584 /* NetworkError.swift */; };
		E0FB8EB92533A13E006DCE51 /* RecipesListTableViewCell.swift in Sources */ = {isa = PBXBuildFile; fileRef = E0FB8EB72533A13E006DCE51 /* RecipesListTableViewCell.swift */; };
		E0FB8EBA2533A13E006DCE51 /* RecipesListTableViewCell.xib in Resources */ = {isa = PBXBuildFile; fileRef = E0FB8EB82533A13E006DCE51 /* RecipesListTableViewCell.xib */; };
		E0FB8EC32533AEE4006DCE51 /* RecipeViewController.swift in Sources */ = {isa = PBXBuildFile; fileRef = E0FB8EC22533AEE4006DCE51 /* RecipeViewController.swift */; };
/* End PBXBuildFile section */

/* Begin PBXContainerItemProxy section */
		E0316A6C2529F95E00C33449 /* PBXContainerItemProxy */ = {
			isa = PBXContainerItemProxy;
			containerPortal = E0316A4A2529F95D00C33449 /* Project object */;
			proxyType = 1;
			remoteGlobalIDString = E0316A512529F95D00C33449;
			remoteInfo = Reciplease;
		};
		E0316A772529F95E00C33449 /* PBXContainerItemProxy */ = {
			isa = PBXContainerItemProxy;
			containerPortal = E0316A4A2529F95D00C33449 /* Project object */;
			proxyType = 1;
			remoteGlobalIDString = E0316A512529F95D00C33449;
			remoteInfo = Reciplease;
		};
/* End PBXContainerItemProxy section */

/* Begin PBXFileReference section */
		1DCF62F750FC2A649C0DF16B /* Pods_RecipleaseTests.framework */ = {isa = PBXFileReference; explicitFileType = wrapper.framework; includeInIndex = 0; path = Pods_RecipleaseTests.framework; sourceTree = BUILT_PRODUCTS_DIR; };
		22A7C7A3378751BA1EB7798E /* Pods-RecipleaseTests.debug.xcconfig */ = {isa = PBXFileReference; includeInIndex = 1; lastKnownFileType = text.xcconfig; name = "Pods-RecipleaseTests.debug.xcconfig"; path = "Target Support Files/Pods-RecipleaseTests/Pods-RecipleaseTests.debug.xcconfig"; sourceTree = "<group>"; };
		43F4E6E3B37DFF038DDA0591 /* Pods-Reciplease-RecipleaseUITests.debug.xcconfig */ = {isa = PBXFileReference; includeInIndex = 1; lastKnownFileType = text.xcconfig; name = "Pods-Reciplease-RecipleaseUITests.debug.xcconfig"; path = "Target Support Files/Pods-Reciplease-RecipleaseUITests/Pods-Reciplease-RecipleaseUITests.debug.xcconfig"; sourceTree = "<group>"; };
		6A2441B02F5AC1BD7F767A7A /* Pods_Reciplease.framework */ = {isa = PBXFileReference; explicitFileType = wrapper.framework; includeInIndex = 0; path = Pods_Reciplease.framework; sourceTree = BUILT_PRODUCTS_DIR; };
		6AEB55E60E57124330A98971 /* Pods-Reciplease.debug.xcconfig */ = {isa = PBXFileReference; includeInIndex = 1; lastKnownFileType = text.xcconfig; name = "Pods-Reciplease.debug.xcconfig"; path = "Target Support Files/Pods-Reciplease/Pods-Reciplease.debug.xcconfig"; sourceTree = "<group>"; };
		6DA02A9B4C377408CFA726DD /* Pods-Reciplease.release.xcconfig */ = {isa = PBXFileReference; includeInIndex = 1; lastKnownFileType = text.xcconfig; name = "Pods-Reciplease.release.xcconfig"; path = "Target Support Files/Pods-Reciplease/Pods-Reciplease.release.xcconfig"; sourceTree = "<group>"; };
		B055D6872B6ED2E94059C79C /* Pods_Reciplease_RecipleaseUITests.framework */ = {isa = PBXFileReference; explicitFileType = wrapper.framework; includeInIndex = 0; path = Pods_Reciplease_RecipleaseUITests.framework; sourceTree = BUILT_PRODUCTS_DIR; };
		E029A33C253C380800CED162 /* CoreDataTest.swift */ = {isa = PBXFileReference; lastKnownFileType = sourcecode.swift; path = CoreDataTest.swift; sourceTree = "<group>"; };
		E0316A522529F95D00C33449 /* Reciplease.app */ = {isa = PBXFileReference; explicitFileType = wrapper.application; includeInIndex = 0; path = Reciplease.app; sourceTree = BUILT_PRODUCTS_DIR; };
		E0316A552529F95D00C33449 /* AppDelegate.swift */ = {isa = PBXFileReference; lastKnownFileType = sourcecode.swift; path = AppDelegate.swift; sourceTree = "<group>"; };
		E0316A572529F95D00C33449 /* SceneDelegate.swift */ = {isa = PBXFileReference; lastKnownFileType = sourcecode.swift; path = SceneDelegate.swift; sourceTree = "<group>"; };
		E0316A5C2529F95D00C33449 /* Base */ = {isa = PBXFileReference; lastKnownFileType = file.storyboard; name = Base; path = Base.lproj/Main.storyboard; sourceTree = "<group>"; };
		E0316A5F2529F95D00C33449 /* Reciplease.xcdatamodel */ = {isa = PBXFileReference; lastKnownFileType = wrapper.xcdatamodel; path = Reciplease.xcdatamodel; sourceTree = "<group>"; };
		E0316A612529F95E00C33449 /* Assets.xcassets */ = {isa = PBXFileReference; lastKnownFileType = folder.assetcatalog; path = Assets.xcassets; sourceTree = "<group>"; };
		E0316A642529F95E00C33449 /* Base */ = {isa = PBXFileReference; lastKnownFileType = file.storyboard; name = Base; path = Base.lproj/LaunchScreen.storyboard; sourceTree = "<group>"; };
		E0316A662529F95E00C33449 /* Info.plist */ = {isa = PBXFileReference; lastKnownFileType = text.plist.xml; path = Info.plist; sourceTree = "<group>"; };
		E0316A6B2529F95E00C33449 /* RecipleaseTests.xctest */ = {isa = PBXFileReference; explicitFileType = wrapper.cfbundle; includeInIndex = 0; path = RecipleaseTests.xctest; sourceTree = BUILT_PRODUCTS_DIR; };
		E0316A6F2529F95E00C33449 /* RecipesTests.swift */ = {isa = PBXFileReference; lastKnownFileType = sourcecode.swift; path = RecipesTests.swift; sourceTree = "<group>"; };
		E0316A712529F95E00C33449 /* Info.plist */ = {isa = PBXFileReference; lastKnownFileType = text.plist.xml; path = Info.plist; sourceTree = "<group>"; };
		E0316A762529F95E00C33449 /* RecipleaseUITests.xctest */ = {isa = PBXFileReference; explicitFileType = wrapper.cfbundle; includeInIndex = 0; path = RecipleaseUITests.xctest; sourceTree = BUILT_PRODUCTS_DIR; };
		E0316A7A2529F95E00C33449 /* RecipleaseUITests.swift */ = {isa = PBXFileReference; lastKnownFileType = sourcecode.swift; path = RecipleaseUITests.swift; sourceTree = "<group>"; };
		E0316A7C2529F95E00C33449 /* Info.plist */ = {isa = PBXFileReference; lastKnownFileType = text.plist.xml; path = Info.plist; sourceTree = "<group>"; };
		E05315A225349556007A5CE9 /* CoreDataManager.swift */ = {isa = PBXFileReference; lastKnownFileType = sourcecode.swift; path = CoreDataManager.swift; sourceTree = "<group>"; };
		E05315AC253495EC007A5CE9 /* FakeContext.swift */ = {isa = PBXFileReference; lastKnownFileType = sourcecode.swift; path = FakeContext.swift; sourceTree = "<group>"; };
		E0533CA7252F0F6B00B8FA8B /* TypeAlias.swift */ = {isa = PBXFileReference; lastKnownFileType = sourcecode.swift; path = TypeAlias.swift; sourceTree = "<group>"; };
		E0615B3C252B1ED3003AC191 /* APIConfig.swift */ = {isa = PBXFileReference; lastKnownFileType = sourcecode.swift; path = APIConfig.swift; sourceTree = "<group>"; };
		E0615B41252B1F9E003AC191 /* NetworkServices.swift */ = {isa = PBXFileReference; lastKnownFileType = sourcecode.swift; path = NetworkServices.swift; sourceTree = "<group>"; };
		E0615B6A252B33E8003AC191 /* RecipesModel.swift */ = {isa = PBXFileReference; lastKnownFileType = sourcecode.swift; path = RecipesModel.swift; sourceTree = "<group>"; };
		E06881BD252B5132009C1230 /* RecipesResult.json */ = {isa = PBXFileReference; lastKnownFileType = text.json; path = RecipesResult.json; sourceTree = "<group>"; };
		E0698C74253C42CB00F42CBB /* FavoritesTableViewController.swift */ = {isa = PBXFileReference; lastKnownFileType = sourcecode.swift; path = FavoritesTableViewController.swift; sourceTree = "<group>"; };
		E0698C84253EE10500F42CBB /* UIViewController+AlertController.swift */ = {isa = PBXFileReference; lastKnownFileType = sourcecode.swift; path = "UIViewController+AlertController.swift"; sourceTree = "<group>"; };
		E0698C8C253F06F800F42CBB /* String+Predicate.swift */ = {isa = PBXFileReference; lastKnownFileType = sourcecode.swift; path = "String+Predicate.swift"; sourceTree = "<group>"; };
		E07625FD252A02A30012BC41 /* RecipeSearchController.swift */ = {isa = PBXFileReference; lastKnownFileType = sourcecode.swift; path = RecipeSearchController.swift; sourceTree = "<group>"; };
		E0762608252A11C50012BC41 /* UIButton.swift */ = {isa = PBXFileReference; lastKnownFileType = sourcecode.swift; path = UIButton.swift; sourceTree = "<group>"; };
		E07BADB4252F05E900DCD0F0 /* RecipesListTableViewController.swift */ = {isa = PBXFileReference; lastKnownFileType = sourcecode.swift; path = RecipesListTableViewController.swift; sourceTree = "<group>"; };
		E07BADD3252F097400DCD0F0 /* Constants.swift */ = {isa = PBXFileReference; lastKnownFileType = sourcecode.swift; path = Constants.swift; sourceTree = "<group>"; };
		E084CB4D25349C0D005AE0FA /* Double+String.swift */ = {isa = PBXFileReference; lastKnownFileType = sourcecode.swift; path = "Double+String.swift"; sourceTree = "<group>"; };
		E0B2BD36252C8FDA00B39584 /* FakeAlamoSession.swift */ = {isa = PBXFileReference; lastKnownFileType = sourcecode.swift; path = FakeAlamoSession.swift; sourceTree = "<group>"; };
		E0B2BD3B252C949600B39584 /* FakeResponse.swift */ = {isa = PBXFileReference; lastKnownFileType = sourcecode.swift; path = FakeResponse.swift; sourceTree = "<group>"; };
		E0B2BD40252CBE1B00B39584 /* NetworkError.swift */ = {isa = PBXFileReference; lastKnownFileType = sourcecode.swift; path = NetworkError.swift; sourceTree = "<group>"; };
		E0FB8EB72533A13E006DCE51 /* RecipesListTableViewCell.swift */ = {isa = PBXFileReference; lastKnownFileType = sourcecode.swift; path = RecipesListTableViewCell.swift; sourceTree = "<group>"; };
		E0FB8EB82533A13E006DCE51 /* RecipesListTableViewCell.xib */ = {isa = PBXFileReference; lastKnownFileType = file.xib; path = RecipesListTableViewCell.xib; sourceTree = "<group>"; };
		E0FB8EC22533AEE4006DCE51 /* RecipeViewController.swift */ = {isa = PBXFileReference; lastKnownFileType = sourcecode.swift; path = RecipeViewController.swift; sourceTree = "<group>"; };
		F45CD7908A79F787844FE49E /* Pods-RecipleaseTests.release.xcconfig */ = {isa = PBXFileReference; includeInIndex = 1; lastKnownFileType = text.xcconfig; name = "Pods-RecipleaseTests.release.xcconfig"; path = "Target Support Files/Pods-RecipleaseTests/Pods-RecipleaseTests.release.xcconfig"; sourceTree = "<group>"; };
		FC32F4937F4929C76EC0E005 /* Pods-Reciplease-RecipleaseUITests.release.xcconfig */ = {isa = PBXFileReference; includeInIndex = 1; lastKnownFileType = text.xcconfig; name = "Pods-Reciplease-RecipleaseUITests.release.xcconfig"; path = "Target Support Files/Pods-Reciplease-RecipleaseUITests/Pods-Reciplease-RecipleaseUITests.release.xcconfig"; sourceTree = "<group>"; };
/* End PBXFileReference section */

/* Begin PBXFrameworksBuildPhase section */
		E0316A4F2529F95D00C33449 /* Frameworks */ = {
			isa = PBXFrameworksBuildPhase;
			buildActionMask = 2147483647;
			files = (
				7E6C8B60A309E961F4229FF7 /* Pods_Reciplease.framework in Frameworks */,
			);
			runOnlyForDeploymentPostprocessing = 0;
		};
		E0316A682529F95E00C33449 /* Frameworks */ = {
			isa = PBXFrameworksBuildPhase;
			buildActionMask = 2147483647;
			files = (
				064A163F82DF3C6C16B68523 /* Pods_RecipleaseTests.framework in Frameworks */,
			);
			runOnlyForDeploymentPostprocessing = 0;
		};
		E0316A732529F95E00C33449 /* Frameworks */ = {
			isa = PBXFrameworksBuildPhase;
			buildActionMask = 2147483647;
			files = (
				77115EE4DB57B730AA1A0A04 /* Pods_Reciplease_RecipleaseUITests.framework in Frameworks */,
			);
			runOnlyForDeploymentPostprocessing = 0;
		};
/* End PBXFrameworksBuildPhase section */

/* Begin PBXGroup section */
		0EA54098A1C1C6BB1DCFE11C /* Frameworks */ = {
			isa = PBXGroup;
			children = (
				6A2441B02F5AC1BD7F767A7A /* Pods_Reciplease.framework */,
				B055D6872B6ED2E94059C79C /* Pods_Reciplease_RecipleaseUITests.framework */,
				1DCF62F750FC2A649C0DF16B /* Pods_RecipleaseTests.framework */,
			);
			name = Frameworks;
			sourceTree = "<group>";
		};
		E0316A492529F95D00C33449 = {
			isa = PBXGroup;
			children = (
				E0316A542529F95D00C33449 /* Reciplease */,
				E0316A6E2529F95E00C33449 /* RecipleaseTests */,
				E0316A792529F95E00C33449 /* RecipleaseUITests */,
				E0316A532529F95D00C33449 /* Products */,
				F9337518E2C1D063E6A21E4D /* Pods */,
				0EA54098A1C1C6BB1DCFE11C /* Frameworks */,
			);
			sourceTree = "<group>";
		};
		E0316A532529F95D00C33449 /* Products */ = {
			isa = PBXGroup;
			children = (
				E0316A522529F95D00C33449 /* Reciplease.app */,
				E0316A6B2529F95E00C33449 /* RecipleaseTests.xctest */,
				E0316A762529F95E00C33449 /* RecipleaseUITests.xctest */,
			);
			name = Products;
			sourceTree = "<group>";
		};
		E0316A542529F95D00C33449 /* Reciplease */ = {
			isa = PBXGroup;
			children = (
				E0762607252A11A10012BC41 /* Extension */,
				E0316A8D2529F97100C33449 /* Controller */,
				E0316A8C2529F96D00C33449 /* View */,
				E0316A8B2529F96800C33449 /* Model */,
				E0316A552529F95D00C33449 /* AppDelegate.swift */,
				E0316A572529F95D00C33449 /* SceneDelegate.swift */,
				E0316A612529F95E00C33449 /* Assets.xcassets */,
				E0316A662529F95E00C33449 /* Info.plist */,
				E0316A5E2529F95D00C33449 /* Reciplease.xcdatamodeld */,
			);
			path = Reciplease;
			sourceTree = "<group>";
		};
		E0316A6E2529F95E00C33449 /* RecipleaseTests */ = {
			isa = PBXGroup;
			children = (
				E05315AB253495D7007A5CE9 /* CoreDataTest */,
				E05315A7253495CE007A5CE9 /* NetworkTest */,
				E0316A712529F95E00C33449 /* Info.plist */,
			);
			path = RecipleaseTests;
			sourceTree = "<group>";
		};
		E0316A792529F95E00C33449 /* RecipleaseUITests */ = {
			isa = PBXGroup;
			children = (
				E0316A7A2529F95E00C33449 /* RecipleaseUITests.swift */,
				E0316A7C2529F95E00C33449 /* Info.plist */,
			);
			path = RecipleaseUITests;
			sourceTree = "<group>";
		};
		E0316A8B2529F96800C33449 /* Model */ = {
			isa = PBXGroup;
			children = (
				E07BADB2252F04F900DCD0F0 /* CoreData Model */,
				E07BADAE252F04ED00DCD0F0 /* NetworkModel */,
				E07BADD3252F097400DCD0F0 /* Constants.swift */,
				E0533CA7252F0F6B00B8FA8B /* TypeAlias.swift */,
			);
			path = Model;
			sourceTree = "<group>";
		};
		E0316A8C2529F96D00C33449 /* View */ = {
			isa = PBXGroup;
			children = (
				E07BADC1252F061E00DCD0F0 /* TableViewCell */,
				E0316A5B2529F95D00C33449 /* Main.storyboard */,
				E0316A632529F95E00C33449 /* LaunchScreen.storyboard */,
			);
			path = View;
			sourceTree = "<group>";
		};
		E0316A8D2529F97100C33449 /* Controller */ = {
			isa = PBXGroup;
			children = (
				E0FB8EC12533AEC6006DCE51 /* Commun */,
				E0533CAC252F10B800B8FA8B /* SearchTab */,
				E0698C74253C42CB00F42CBB /* FavoritesTableViewController.swift */,
			);
			path = Controller;
			sourceTree = "<group>";
		};
		E05315A7253495CE007A5CE9 /* NetworkTest */ = {
			isa = PBXGroup;
			children = (
				E0E997CC252E004D00E7D73C /* RecipesTest */,
				E0B2BD36252C8FDA00B39584 /* FakeAlamoSession.swift */,
				E0B2BD3B252C949600B39584 /* FakeResponse.swift */,
			);
			path = NetworkTest;
			sourceTree = "<group>";
		};
		E05315AB253495D7007A5CE9 /* CoreDataTest */ = {
			isa = PBXGroup;
			children = (
				E05315AC253495EC007A5CE9 /* FakeContext.swift */,
				E029A33C253C380800CED162 /* CoreDataTest.swift */,
			);
			path = CoreDataTest;
			sourceTree = "<group>";
		};
		E0533CAC252F10B800B8FA8B /* SearchTab */ = {
			isa = PBXGroup;
			children = (
				E07625FD252A02A30012BC41 /* RecipeSearchController.swift */,
				E07BADB4252F05E900DCD0F0 /* RecipesListTableViewController.swift */,
			);
			path = SearchTab;
			sourceTree = "<group>";
		};
		E0762607252A11A10012BC41 /* Extension */ = {
			isa = PBXGroup;
			children = (
				E0762608252A11C50012BC41 /* UIButton.swift */,
				E084CB4D25349C0D005AE0FA /* Double+String.swift */,
				E0698C84253EE10500F42CBB /* UIViewController+AlertController.swift */,
				E0698C8C253F06F800F42CBB /* String+Predicate.swift */,
			);
			path = Extension;
			sourceTree = "<group>";
		};
		E07BADAE252F04ED00DCD0F0 /* NetworkModel */ = {
			isa = PBXGroup;
			children = (
				E0615B3C252B1ED3003AC191 /* APIConfig.swift */,
				E0615B41252B1F9E003AC191 /* NetworkServices.swift */,
				E0615B6A252B33E8003AC191 /* RecipesModel.swift */,
				E0B2BD40252CBE1B00B39584 /* NetworkError.swift */,
			);
			path = NetworkModel;
			sourceTree = "<group>";
		};
		E07BADB2252F04F900DCD0F0 /* CoreData Model */ = {
			isa = PBXGroup;
			children = (
				E05315A225349556007A5CE9 /* CoreDataManager.swift */,
			);
			path = "CoreData Model";
			sourceTree = "<group>";
		};
		E07BADC1252F061E00DCD0F0 /* TableViewCell */ = {
			isa = PBXGroup;
			children = (
				E0FB8EB72533A13E006DCE51 /* RecipesListTableViewCell.swift */,
				E0FB8EB82533A13E006DCE51 /* RecipesListTableViewCell.xib */,
			);
			path = TableViewCell;
			sourceTree = "<group>";
		};
		E0E997CC252E004D00E7D73C /* RecipesTest */ = {
			isa = PBXGroup;
			children = (
				E0316A6F2529F95E00C33449 /* RecipesTests.swift */,
				E06881BD252B5132009C1230 /* RecipesResult.json */,
			);
			path = RecipesTest;
			sourceTree = "<group>";
		};
		E0FB8EC12533AEC6006DCE51 /* Commun */ = {
			isa = PBXGroup;
			children = (
				E0FB8EC22533AEE4006DCE51 /* RecipeViewController.swift */,
			);
			path = Commun;
			sourceTree = "<group>";
		};
		F9337518E2C1D063E6A21E4D /* Pods */ = {
			isa = PBXGroup;
			children = (
				6AEB55E60E57124330A98971 /* Pods-Reciplease.debug.xcconfig */,
				6DA02A9B4C377408CFA726DD /* Pods-Reciplease.release.xcconfig */,
				43F4E6E3B37DFF038DDA0591 /* Pods-Reciplease-RecipleaseUITests.debug.xcconfig */,
				FC32F4937F4929C76EC0E005 /* Pods-Reciplease-RecipleaseUITests.release.xcconfig */,
				22A7C7A3378751BA1EB7798E /* Pods-RecipleaseTests.debug.xcconfig */,
				F45CD7908A79F787844FE49E /* Pods-RecipleaseTests.release.xcconfig */,
			);
			path = Pods;
			sourceTree = "<group>";
		};
/* End PBXGroup section */

/* Begin PBXNativeTarget section */
		E0316A512529F95D00C33449 /* Reciplease */ = {
			isa = PBXNativeTarget;
			buildConfigurationList = E0316A7F2529F95E00C33449 /* Build configuration list for PBXNativeTarget "Reciplease" */;
			buildPhases = (
				31FAE612A074C133B9C0EBF1 /* [CP] Check Pods Manifest.lock */,
				E0316A4E2529F95D00C33449 /* Sources */,
				E0316A4F2529F95D00C33449 /* Frameworks */,
				E0316A502529F95D00C33449 /* Resources */,
				031B8530657DE87F010DE210 /* [CP] Embed Pods Frameworks */,
			);
			buildRules = (
			);
			dependencies = (
			);
			name = Reciplease;
			productName = Reciplease;
			productReference = E0316A522529F95D00C33449 /* Reciplease.app */;
			productType = "com.apple.product-type.application";
		};
		E0316A6A2529F95E00C33449 /* RecipleaseTests */ = {
			isa = PBXNativeTarget;
			buildConfigurationList = E0316A822529F95E00C33449 /* Build configuration list for PBXNativeTarget "RecipleaseTests" */;
			buildPhases = (
				00195A5599E035BE3370728D /* [CP] Check Pods Manifest.lock */,
				E0316A672529F95E00C33449 /* Sources */,
				E0316A682529F95E00C33449 /* Frameworks */,
				E0316A692529F95E00C33449 /* Resources */,
				0124E8349547C9005FBF240B /* [CP] Embed Pods Frameworks */,
			);
			buildRules = (
			);
			dependencies = (
				E0316A6D2529F95E00C33449 /* PBXTargetDependency */,
			);
			name = RecipleaseTests;
			productName = RecipleaseTests;
			productReference = E0316A6B2529F95E00C33449 /* RecipleaseTests.xctest */;
			productType = "com.apple.product-type.bundle.unit-test";
		};
		E0316A752529F95E00C33449 /* RecipleaseUITests */ = {
			isa = PBXNativeTarget;
			buildConfigurationList = E0316A852529F95E00C33449 /* Build configuration list for PBXNativeTarget "RecipleaseUITests" */;
			buildPhases = (
				7D070CE9E7B5775DCB358154 /* [CP] Check Pods Manifest.lock */,
				E0316A722529F95E00C33449 /* Sources */,
				E0316A732529F95E00C33449 /* Frameworks */,
				E0316A742529F95E00C33449 /* Resources */,
				99897DB0D6577080B22E17E2 /* [CP] Embed Pods Frameworks */,
			);
			buildRules = (
			);
			dependencies = (
				E0316A782529F95E00C33449 /* PBXTargetDependency */,
			);
			name = RecipleaseUITests;
			productName = RecipleaseUITests;
			productReference = E0316A762529F95E00C33449 /* RecipleaseUITests.xctest */;
			productType = "com.apple.product-type.bundle.ui-testing";
		};
/* End PBXNativeTarget section */

/* Begin PBXProject section */
		E0316A4A2529F95D00C33449 /* Project object */ = {
			isa = PBXProject;
			attributes = {
				LastSwiftUpdateCheck = 1200;
				LastUpgradeCheck = 1210;
				TargetAttributes = {
					E0316A512529F95D00C33449 = {
						CreatedOnToolsVersion = 12.0.1;
					};
					E0316A6A2529F95E00C33449 = {
						CreatedOnToolsVersion = 12.0.1;
						TestTargetID = E0316A512529F95D00C33449;
					};
					E0316A752529F95E00C33449 = {
						CreatedOnToolsVersion = 12.0.1;
						TestTargetID = E0316A512529F95D00C33449;
					};
				};
			};
			buildConfigurationList = E0316A4D2529F95D00C33449 /* Build configuration list for PBXProject "Reciplease" */;
			compatibilityVersion = "Xcode 9.3";
			developmentRegion = en;
			hasScannedForEncodings = 0;
			knownRegions = (
				en,
				Base,
			);
			mainGroup = E0316A492529F95D00C33449;
			productRefGroup = E0316A532529F95D00C33449 /* Products */;
			projectDirPath = "";
			projectRoot = "";
			targets = (
				E0316A512529F95D00C33449 /* Reciplease */,
				E0316A6A2529F95E00C33449 /* RecipleaseTests */,
				E0316A752529F95E00C33449 /* RecipleaseUITests */,
			);
		};
/* End PBXProject section */

/* Begin PBXResourcesBuildPhase section */
		E0316A502529F95D00C33449 /* Resources */ = {
			isa = PBXResourcesBuildPhase;
			buildActionMask = 2147483647;
			files = (
				E0316A652529F95E00C33449 /* LaunchScreen.storyboard in Resources */,
				E0316A622529F95E00C33449 /* Assets.xcassets in Resources */,
				E0316A5D2529F95D00C33449 /* Main.storyboard in Resources */,
				E0FB8EBA2533A13E006DCE51 /* RecipesListTableViewCell.xib in Resources */,
			);
			runOnlyForDeploymentPostprocessing = 0;
		};
		E0316A692529F95E00C33449 /* Resources */ = {
			isa = PBXResourcesBuildPhase;
			buildActionMask = 2147483647;
			files = (
				E06881BE252B5132009C1230 /* RecipesResult.json in Resources */,
			);
			runOnlyForDeploymentPostprocessing = 0;
		};
		E0316A742529F95E00C33449 /* Resources */ = {
			isa = PBXResourcesBuildPhase;
			buildActionMask = 2147483647;
			files = (
			);
			runOnlyForDeploymentPostprocessing = 0;
		};
/* End PBXResourcesBuildPhase section */

/* Begin PBXShellScriptBuildPhase section */
		00195A5599E035BE3370728D /* [CP] Check Pods Manifest.lock */ = {
			isa = PBXShellScriptBuildPhase;
			buildActionMask = 2147483647;
			files = (
			);
			inputFileListPaths = (
			);
			inputPaths = (
				"${PODS_PODFILE_DIR_PATH}/Podfile.lock",
				"${PODS_ROOT}/Manifest.lock",
			);
			name = "[CP] Check Pods Manifest.lock";
			outputFileListPaths = (
			);
			outputPaths = (
				"$(DERIVED_FILE_DIR)/Pods-RecipleaseTests-checkManifestLockResult.txt",
			);
			runOnlyForDeploymentPostprocessing = 0;
			shellPath = /bin/sh;
			shellScript = "diff \"${PODS_PODFILE_DIR_PATH}/Podfile.lock\" \"${PODS_ROOT}/Manifest.lock\" > /dev/null\nif [ $? != 0 ] ; then\n    # print error to STDERR\n    echo \"error: The sandbox is not in sync with the Podfile.lock. Run 'pod install' or update your CocoaPods installation.\" >&2\n    exit 1\nfi\n# This output is used by Xcode 'outputs' to avoid re-running this script phase.\necho \"SUCCESS\" > \"${SCRIPT_OUTPUT_FILE_0}\"\n";
			showEnvVarsInLog = 0;
		};
		0124E8349547C9005FBF240B /* [CP] Embed Pods Frameworks */ = {
			isa = PBXShellScriptBuildPhase;
			buildActionMask = 2147483647;
			files = (
			);
			inputFileListPaths = (
				"${PODS_ROOT}/Target Support Files/Pods-RecipleaseTests/Pods-RecipleaseTests-frameworks-${CONFIGURATION}-input-files.xcfilelist",
			);
			name = "[CP] Embed Pods Frameworks";
			outputFileListPaths = (
				"${PODS_ROOT}/Target Support Files/Pods-RecipleaseTests/Pods-RecipleaseTests-frameworks-${CONFIGURATION}-output-files.xcfilelist",
			);
			runOnlyForDeploymentPostprocessing = 0;
			shellPath = /bin/sh;
			shellScript = "\"${PODS_ROOT}/Target Support Files/Pods-RecipleaseTests/Pods-RecipleaseTests-frameworks.sh\"\n";
			showEnvVarsInLog = 0;
		};
		031B8530657DE87F010DE210 /* [CP] Embed Pods Frameworks */ = {
			isa = PBXShellScriptBuildPhase;
			buildActionMask = 2147483647;
			files = (
			);
			inputFileListPaths = (
				"${PODS_ROOT}/Target Support Files/Pods-Reciplease/Pods-Reciplease-frameworks-${CONFIGURATION}-input-files.xcfilelist",
			);
			name = "[CP] Embed Pods Frameworks";
			outputFileListPaths = (
				"${PODS_ROOT}/Target Support Files/Pods-Reciplease/Pods-Reciplease-frameworks-${CONFIGURATION}-output-files.xcfilelist",
			);
			runOnlyForDeploymentPostprocessing = 0;
			shellPath = /bin/sh;
			shellScript = "\"${PODS_ROOT}/Target Support Files/Pods-Reciplease/Pods-Reciplease-frameworks.sh\"\n";
			showEnvVarsInLog = 0;
		};
		31FAE612A074C133B9C0EBF1 /* [CP] Check Pods Manifest.lock */ = {
			isa = PBXShellScriptBuildPhase;
			buildActionMask = 2147483647;
			files = (
			);
			inputFileListPaths = (
			);
			inputPaths = (
				"${PODS_PODFILE_DIR_PATH}/Podfile.lock",
				"${PODS_ROOT}/Manifest.lock",
			);
			name = "[CP] Check Pods Manifest.lock";
			outputFileListPaths = (
			);
			outputPaths = (
				"$(DERIVED_FILE_DIR)/Pods-Reciplease-checkManifestLockResult.txt",
			);
			runOnlyForDeploymentPostprocessing = 0;
			shellPath = /bin/sh;
			shellScript = "diff \"${PODS_PODFILE_DIR_PATH}/Podfile.lock\" \"${PODS_ROOT}/Manifest.lock\" > /dev/null\nif [ $? != 0 ] ; then\n    # print error to STDERR\n    echo \"error: The sandbox is not in sync with the Podfile.lock. Run 'pod install' or update your CocoaPods installation.\" >&2\n    exit 1\nfi\n# This output is used by Xcode 'outputs' to avoid re-running this script phase.\necho \"SUCCESS\" > \"${SCRIPT_OUTPUT_FILE_0}\"\n";
			showEnvVarsInLog = 0;
		};
		7D070CE9E7B5775DCB358154 /* [CP] Check Pods Manifest.lock */ = {
			isa = PBXShellScriptBuildPhase;
			buildActionMask = 2147483647;
			files = (
			);
			inputFileListPaths = (
			);
			inputPaths = (
				"${PODS_PODFILE_DIR_PATH}/Podfile.lock",
				"${PODS_ROOT}/Manifest.lock",
			);
			name = "[CP] Check Pods Manifest.lock";
			outputFileListPaths = (
			);
			outputPaths = (
				"$(DERIVED_FILE_DIR)/Pods-Reciplease-RecipleaseUITests-checkManifestLockResult.txt",
			);
			runOnlyForDeploymentPostprocessing = 0;
			shellPath = /bin/sh;
			shellScript = "diff \"${PODS_PODFILE_DIR_PATH}/Podfile.lock\" \"${PODS_ROOT}/Manifest.lock\" > /dev/null\nif [ $? != 0 ] ; then\n    # print error to STDERR\n    echo \"error: The sandbox is not in sync with the Podfile.lock. Run 'pod install' or update your CocoaPods installation.\" >&2\n    exit 1\nfi\n# This output is used by Xcode 'outputs' to avoid re-running this script phase.\necho \"SUCCESS\" > \"${SCRIPT_OUTPUT_FILE_0}\"\n";
			showEnvVarsInLog = 0;
		};
		99897DB0D6577080B22E17E2 /* [CP] Embed Pods Frameworks */ = {
			isa = PBXShellScriptBuildPhase;
			buildActionMask = 2147483647;
			files = (
			);
			inputFileListPaths = (
				"${PODS_ROOT}/Target Support Files/Pods-Reciplease-RecipleaseUITests/Pods-Reciplease-RecipleaseUITests-frameworks-${CONFIGURATION}-input-files.xcfilelist",
			);
			name = "[CP] Embed Pods Frameworks";
			outputFileListPaths = (
				"${PODS_ROOT}/Target Support Files/Pods-Reciplease-RecipleaseUITests/Pods-Reciplease-RecipleaseUITests-frameworks-${CONFIGURATION}-output-files.xcfilelist",
			);
			runOnlyForDeploymentPostprocessing = 0;
			shellPath = /bin/sh;
			shellScript = "\"${PODS_ROOT}/Target Support Files/Pods-Reciplease-RecipleaseUITests/Pods-Reciplease-RecipleaseUITests-frameworks.sh\"\n";
			showEnvVarsInLog = 0;
		};
/* End PBXShellScriptBuildPhase section */

/* Begin PBXSourcesBuildPhase section */
		E0316A4E2529F95D00C33449 /* Sources */ = {
			isa = PBXSourcesBuildPhase;
			buildActionMask = 2147483647;
			files = (
				E0615B6B252B33E8003AC191 /* RecipesModel.swift in Sources */,
				E0533CA8252F0F6B00B8FA8B /* TypeAlias.swift in Sources */,
				E0FB8EB92533A13E006DCE51 /* RecipesListTableViewCell.swift in Sources */,
				E0698C75253C42CB00F42CBB /* FavoritesTableViewController.swift in Sources */,
				E05315A325349556007A5CE9 /* CoreDataManager.swift in Sources */,
				E0316A602529F95D00C33449 /* Reciplease.xcdatamodeld in Sources */,
				E07625FE252A02A30012BC41 /* RecipeSearchController.swift in Sources */,
				E0316A562529F95D00C33449 /* AppDelegate.swift in Sources */,
				E0698C8D253F06F800F42CBB /* String+Predicate.swift in Sources */,
				E0316A582529F95D00C33449 /* SceneDelegate.swift in Sources */,
				E0762609252A11C50012BC41 /* UIButton.swift in Sources */,
				E0698C85253EE10500F42CBB /* UIViewController+AlertController.swift in Sources */,
				E07BADD4252F097400DCD0F0 /* Constants.swift in Sources */,
				E0615B42252B1F9E003AC191 /* NetworkServices.swift in Sources */,
				E07BADB5252F05E900DCD0F0 /* RecipesListTableViewController.swift in Sources */,
				E0FB8EC32533AEE4006DCE51 /* RecipeViewController.swift in Sources */,
				E0615B3D252B1ED3003AC191 /* APIConfig.swift in Sources */,
				E084CB4E25349C0D005AE0FA /* Double+String.swift in Sources */,
				E0B2BD41252CBE1B00B39584 /* NetworkError.swift in Sources */,
			);
			runOnlyForDeploymentPostprocessing = 0;
		};
		E0316A672529F95E00C33449 /* Sources */ = {
			isa = PBXSourcesBuildPhase;
			buildActionMask = 2147483647;
			files = (
				E029A33D253C380800CED162 /* CoreDataTest.swift in Sources */,
				E05315AD253495EC007A5CE9 /* FakeContext.swift in Sources */,
				E0B2BD3C252C949600B39584 /* FakeResponse.swift in Sources */,
				E0316A702529F95E00C33449 /* RecipesTests.swift in Sources */,
				E0B2BD37252C8FDA00B39584 /* FakeAlamoSession.swift in Sources */,
			);
			runOnlyForDeploymentPostprocessing = 0;
		};
		E0316A722529F95E00C33449 /* Sources */ = {
			isa = PBXSourcesBuildPhase;
			buildActionMask = 2147483647;
			files = (
				E0316A7B2529F95E00C33449 /* RecipleaseUITests.swift in Sources */,
			);
			runOnlyForDeploymentPostprocessing = 0;
		};
/* End PBXSourcesBuildPhase section */

/* Begin PBXTargetDependency section */
		E0316A6D2529F95E00C33449 /* PBXTargetDependency */ = {
			isa = PBXTargetDependency;
			target = E0316A512529F95D00C33449 /* Reciplease */;
			targetProxy = E0316A6C2529F95E00C33449 /* PBXContainerItemProxy */;
		};
		E0316A782529F95E00C33449 /* PBXTargetDependency */ = {
			isa = PBXTargetDependency;
			target = E0316A512529F95D00C33449 /* Reciplease */;
			targetProxy = E0316A772529F95E00C33449 /* PBXContainerItemProxy */;
		};
/* End PBXTargetDependency section */

/* Begin PBXVariantGroup section */
		E0316A5B2529F95D00C33449 /* Main.storyboard */ = {
			isa = PBXVariantGroup;
			children = (
				E0316A5C2529F95D00C33449 /* Base */,
			);
			name = Main.storyboard;
			sourceTree = "<group>";
		};
		E0316A632529F95E00C33449 /* LaunchScreen.storyboard */ = {
			isa = PBXVariantGroup;
			children = (
				E0316A642529F95E00C33449 /* Base */,
			);
			name = LaunchScreen.storyboard;
			sourceTree = "<group>";
		};
/* End PBXVariantGroup section */

/* Begin XCBuildConfiguration section */
		E0316A7D2529F95E00C33449 /* Debug */ = {
			isa = XCBuildConfiguration;
			buildSettings = {
				ALWAYS_SEARCH_USER_PATHS = NO;
				CLANG_ANALYZER_NONNULL = YES;
				CLANG_ANALYZER_NUMBER_OBJECT_CONVERSION = YES_AGGRESSIVE;
				CLANG_CXX_LANGUAGE_STANDARD = "gnu++14";
				CLANG_CXX_LIBRARY = "libc++";
				CLANG_ENABLE_MODULES = YES;
				CLANG_ENABLE_OBJC_ARC = YES;
				CLANG_ENABLE_OBJC_WEAK = YES;
				CLANG_WARN_BLOCK_CAPTURE_AUTORELEASING = YES;
				CLANG_WARN_BOOL_CONVERSION = YES;
				CLANG_WARN_COMMA = YES;
				CLANG_WARN_CONSTANT_CONVERSION = YES;
				CLANG_WARN_DEPRECATED_OBJC_IMPLEMENTATIONS = YES;
				CLANG_WARN_DIRECT_OBJC_ISA_USAGE = YES_ERROR;
				CLANG_WARN_DOCUMENTATION_COMMENTS = YES;
				CLANG_WARN_EMPTY_BODY = YES;
				CLANG_WARN_ENUM_CONVERSION = YES;
				CLANG_WARN_INFINITE_RECURSION = YES;
				CLANG_WARN_INT_CONVERSION = YES;
				CLANG_WARN_NON_LITERAL_NULL_CONVERSION = YES;
				CLANG_WARN_OBJC_IMPLICIT_RETAIN_SELF = YES;
				CLANG_WARN_OBJC_LITERAL_CONVERSION = YES;
				CLANG_WARN_OBJC_ROOT_CLASS = YES_ERROR;
				CLANG_WARN_QUOTED_INCLUDE_IN_FRAMEWORK_HEADER = YES;
				CLANG_WARN_RANGE_LOOP_ANALYSIS = YES;
				CLANG_WARN_STRICT_PROTOTYPES = YES;
				CLANG_WARN_SUSPICIOUS_MOVE = YES;
				CLANG_WARN_UNGUARDED_AVAILABILITY = YES_AGGRESSIVE;
				CLANG_WARN_UNREACHABLE_CODE = YES;
				CLANG_WARN__DUPLICATE_METHOD_MATCH = YES;
				COPY_PHASE_STRIP = NO;
				DEBUG_INFORMATION_FORMAT = dwarf;
				ENABLE_STRICT_OBJC_MSGSEND = YES;
				ENABLE_TESTABILITY = YES;
				GCC_C_LANGUAGE_STANDARD = gnu11;
				GCC_DYNAMIC_NO_PIC = NO;
				GCC_NO_COMMON_BLOCKS = YES;
				GCC_OPTIMIZATION_LEVEL = 0;
				GCC_PREPROCESSOR_DEFINITIONS = (
					"DEBUG=1",
					"$(inherited)",
				);
				GCC_WARN_64_TO_32_BIT_CONVERSION = YES;
				GCC_WARN_ABOUT_RETURN_TYPE = YES_ERROR;
				GCC_WARN_UNDECLARED_SELECTOR = YES;
				GCC_WARN_UNINITIALIZED_AUTOS = YES_AGGRESSIVE;
				GCC_WARN_UNUSED_FUNCTION = YES;
				GCC_WARN_UNUSED_VARIABLE = YES;
				IPHONEOS_DEPLOYMENT_TARGET = 12.0;
				MTL_ENABLE_DEBUG_INFO = INCLUDE_SOURCE;
				MTL_FAST_MATH = YES;
				ONLY_ACTIVE_ARCH = YES;
				SDKROOT = iphoneos;
				SWIFT_ACTIVE_COMPILATION_CONDITIONS = DEBUG;
				SWIFT_OPTIMIZATION_LEVEL = "-Onone";
			};
			name = Debug;
		};
		E0316A7E2529F95E00C33449 /* Release */ = {
			isa = XCBuildConfiguration;
			buildSettings = {
				ALWAYS_SEARCH_USER_PATHS = NO;
				CLANG_ANALYZER_NONNULL = YES;
				CLANG_ANALYZER_NUMBER_OBJECT_CONVERSION = YES_AGGRESSIVE;
				CLANG_CXX_LANGUAGE_STANDARD = "gnu++14";
				CLANG_CXX_LIBRARY = "libc++";
				CLANG_ENABLE_MODULES = YES;
				CLANG_ENABLE_OBJC_ARC = YES;
				CLANG_ENABLE_OBJC_WEAK = YES;
				CLANG_WARN_BLOCK_CAPTURE_AUTORELEASING = YES;
				CLANG_WARN_BOOL_CONVERSION = YES;
				CLANG_WARN_COMMA = YES;
				CLANG_WARN_CONSTANT_CONVERSION = YES;
				CLANG_WARN_DEPRECATED_OBJC_IMPLEMENTATIONS = YES;
				CLANG_WARN_DIRECT_OBJC_ISA_USAGE = YES_ERROR;
				CLANG_WARN_DOCUMENTATION_COMMENTS = YES;
				CLANG_WARN_EMPTY_BODY = YES;
				CLANG_WARN_ENUM_CONVERSION = YES;
				CLANG_WARN_INFINITE_RECURSION = YES;
				CLANG_WARN_INT_CONVERSION = YES;
				CLANG_WARN_NON_LITERAL_NULL_CONVERSION = YES;
				CLANG_WARN_OBJC_IMPLICIT_RETAIN_SELF = YES;
				CLANG_WARN_OBJC_LITERAL_CONVERSION = YES;
				CLANG_WARN_OBJC_ROOT_CLASS = YES_ERROR;
				CLANG_WARN_QUOTED_INCLUDE_IN_FRAMEWORK_HEADER = YES;
				CLANG_WARN_RANGE_LOOP_ANALYSIS = YES;
				CLANG_WARN_STRICT_PROTOTYPES = YES;
				CLANG_WARN_SUSPICIOUS_MOVE = YES;
				CLANG_WARN_UNGUARDED_AVAILABILITY = YES_AGGRESSIVE;
				CLANG_WARN_UNREACHABLE_CODE = YES;
				CLANG_WARN__DUPLICATE_METHOD_MATCH = YES;
				COPY_PHASE_STRIP = NO;
				DEBUG_INFORMATION_FORMAT = "dwarf-with-dsym";
				ENABLE_NS_ASSERTIONS = NO;
				ENABLE_STRICT_OBJC_MSGSEND = YES;
				GCC_C_LANGUAGE_STANDARD = gnu11;
				GCC_NO_COMMON_BLOCKS = YES;
				GCC_WARN_64_TO_32_BIT_CONVERSION = YES;
				GCC_WARN_ABOUT_RETURN_TYPE = YES_ERROR;
				GCC_WARN_UNDECLARED_SELECTOR = YES;
				GCC_WARN_UNINITIALIZED_AUTOS = YES_AGGRESSIVE;
				GCC_WARN_UNUSED_FUNCTION = YES;
				GCC_WARN_UNUSED_VARIABLE = YES;
				IPHONEOS_DEPLOYMENT_TARGET = 12.0;
				MTL_ENABLE_DEBUG_INFO = NO;
				MTL_FAST_MATH = YES;
				SDKROOT = iphoneos;
				SWIFT_COMPILATION_MODE = wholemodule;
				SWIFT_OPTIMIZATION_LEVEL = "-O";
				VALIDATE_PRODUCT = YES;
			};
			name = Release;
		};
		E0316A802529F95E00C33449 /* Debug */ = {
			isa = XCBuildConfiguration;
			baseConfigurationReference = 6AEB55E60E57124330A98971 /* Pods-Reciplease.debug.xcconfig */;
			buildSettings = {
				ASSETCATALOG_COMPILER_APPICON_NAME = AppIcon;
				ASSETCATALOG_COMPILER_GLOBAL_ACCENT_COLOR_NAME = AccentColor;
				CODE_SIGN_STYLE = Automatic;
				DEVELOPMENT_TEAM = V6M3YC3LQG;
				INFOPLIST_FILE = Reciplease/Info.plist;
				IPHONEOS_DEPLOYMENT_TARGET = 12.0;
				LD_RUNPATH_SEARCH_PATHS = (
					"$(inherited)",
					"@executable_path/Frameworks",
				);
				PRODUCT_BUNDLE_IDENTIFIER = com.mickaelruzel.Reciplease;
				PRODUCT_NAME = "$(TARGET_NAME)";
				SWIFT_VERSION = 5.0;
				TARGETED_DEVICE_FAMILY = 1;
			};
			name = Debug;
		};
		E0316A812529F95E00C33449 /* Release */ = {
			isa = XCBuildConfiguration;
			baseConfigurationReference = 6DA02A9B4C377408CFA726DD /* Pods-Reciplease.release.xcconfig */;
			buildSettings = {
				ASSETCATALOG_COMPILER_APPICON_NAME = AppIcon;
				ASSETCATALOG_COMPILER_GLOBAL_ACCENT_COLOR_NAME = AccentColor;
				CODE_SIGN_STYLE = Automatic;
				DEVELOPMENT_TEAM = V6M3YC3LQG;
				INFOPLIST_FILE = Reciplease/Info.plist;
				IPHONEOS_DEPLOYMENT_TARGET = 12.0;
				LD_RUNPATH_SEARCH_PATHS = (
					"$(inherited)",
					"@executable_path/Frameworks",
				);
				PRODUCT_BUNDLE_IDENTIFIER = com.mickaelruzel.Reciplease;
				PRODUCT_NAME = "$(TARGET_NAME)";
				SWIFT_VERSION = 5.0;
				TARGETED_DEVICE_FAMILY = 1;
			};
			name = Release;
		};
		E0316A832529F95E00C33449 /* Debug */ = {
			isa = XCBuildConfiguration;
			baseConfigurationReference = 22A7C7A3378751BA1EB7798E /* Pods-RecipleaseTests.debug.xcconfig */;
			buildSettings = {
				ALWAYS_EMBED_SWIFT_STANDARD_LIBRARIES = "$(inherited)";
				BUNDLE_LOADER = "$(TEST_HOST)";
				CODE_SIGN_STYLE = Automatic;
				DEVELOPMENT_TEAM = V6M3YC3LQG;
				INFOPLIST_FILE = RecipleaseTests/Info.plist;
				IPHONEOS_DEPLOYMENT_TARGET = 14.0;
				LD_RUNPATH_SEARCH_PATHS = (
					"$(inherited)",
					"@executable_path/Frameworks",
					"@loader_path/Frameworks",
				);
				PRODUCT_BUNDLE_IDENTIFIER = com.mickaelruzel.RecipleaseTests;
				PRODUCT_NAME = "$(TARGET_NAME)";
				SWIFT_VERSION = 5.0;
				TARGETED_DEVICE_FAMILY = "1,2";
				TEST_HOST = "$(BUILT_PRODUCTS_DIR)/Reciplease.app/Reciplease";
			};
			name = Debug;
		};
		E0316A842529F95E00C33449 /* Release */ = {
			isa = XCBuildConfiguration;
			baseConfigurationReference = F45CD7908A79F787844FE49E /* Pods-RecipleaseTests.release.xcconfig */;
			buildSettings = {
				ALWAYS_EMBED_SWIFT_STANDARD_LIBRARIES = "$(inherited)";
				BUNDLE_LOADER = "$(TEST_HOST)";
				CODE_SIGN_STYLE = Automatic;
				DEVELOPMENT_TEAM = V6M3YC3LQG;
				INFOPLIST_FILE = RecipleaseTests/Info.plist;
				IPHONEOS_DEPLOYMENT_TARGET = 14.0;
				LD_RUNPATH_SEARCH_PATHS = (
					"$(inherited)",
					"@executable_path/Frameworks",
					"@loader_path/Frameworks",
				);
				PRODUCT_BUNDLE_IDENTIFIER = com.mickaelruzel.RecipleaseTests;
				PRODUCT_NAME = "$(TARGET_NAME)";
				SWIFT_VERSION = 5.0;
				TARGETED_DEVICE_FAMILY = "1,2";
				TEST_HOST = "$(BUILT_PRODUCTS_DIR)/Reciplease.app/Reciplease";
			};
			name = Release;
		};
		E0316A862529F95E00C33449 /* Debug */ = {
			isa = XCBuildConfiguration;
			baseConfigurationReference = 43F4E6E3B37DFF038DDA0591 /* Pods-Reciplease-RecipleaseUITests.debug.xcconfig */;
			buildSettings = {
				ALWAYS_EMBED_SWIFT_STANDARD_LIBRARIES = "$(inherited)";
				CODE_SIGN_STYLE = Automatic;
				DEVELOPMENT_TEAM = V6M3YC3LQG;
				INFOPLIST_FILE = RecipleaseUITests/Info.plist;
				LD_RUNPATH_SEARCH_PATHS = (
					"$(inherited)",
					"@executable_path/Frameworks",
					"@loader_path/Frameworks",
				);
				PRODUCT_BUNDLE_IDENTIFIER = com.mickaelruzel.RecipleaseUITests;
				PRODUCT_NAME = "$(TARGET_NAME)";
				SWIFT_VERSION = 5.0;
				TARGETED_DEVICE_FAMILY = "1,2";
				TEST_TARGET_NAME = Reciplease;
			};
			name = Debug;
		};
		E0316A872529F95E00C33449 /* Release */ = {
			isa = XCBuildConfiguration;
			baseConfigurationReference = FC32F4937F4929C76EC0E005 /* Pods-Reciplease-RecipleaseUITests.release.xcconfig */;
			buildSettings = {
				ALWAYS_EMBED_SWIFT_STANDARD_LIBRARIES = "$(inherited)";
				CODE_SIGN_STYLE = Automatic;
				DEVELOPMENT_TEAM = V6M3YC3LQG;
				INFOPLIST_FILE = RecipleaseUITests/Info.plist;
				LD_RUNPATH_SEARCH_PATHS = (
					"$(inherited)",
					"@executable_path/Frameworks",
					"@loader_path/Frameworks",
				);
				PRODUCT_BUNDLE_IDENTIFIER = com.mickaelruzel.RecipleaseUITests;
				PRODUCT_NAME = "$(TARGET_NAME)";
				SWIFT_VERSION = 5.0;
				TARGETED_DEVICE_FAMILY = "1,2";
				TEST_TARGET_NAME = Reciplease;
			};
			name = Release;
		};
/* End XCBuildConfiguration section */

/* Begin XCConfigurationList section */
		E0316A4D2529F95D00C33449 /* Build configuration list for PBXProject "Reciplease" */ = {
			isa = XCConfigurationList;
			buildConfigurations = (
				E0316A7D2529F95E00C33449 /* Debug */,
				E0316A7E2529F95E00C33449 /* Release */,
			);
			defaultConfigurationIsVisible = 0;
			defaultConfigurationName = Release;
		};
		E0316A7F2529F95E00C33449 /* Build configuration list for PBXNativeTarget "Reciplease" */ = {
			isa = XCConfigurationList;
			buildConfigurations = (
				E0316A802529F95E00C33449 /* Debug */,
				E0316A812529F95E00C33449 /* Release */,
			);
			defaultConfigurationIsVisible = 0;
			defaultConfigurationName = Release;
		};
		E0316A822529F95E00C33449 /* Build configuration list for PBXNativeTarget "RecipleaseTests" */ = {
			isa = XCConfigurationList;
			buildConfigurations = (
				E0316A832529F95E00C33449 /* Debug */,
				E0316A842529F95E00C33449 /* Release */,
			);
			defaultConfigurationIsVisible = 0;
			defaultConfigurationName = Release;
		};
		E0316A852529F95E00C33449 /* Build configuration list for PBXNativeTarget "RecipleaseUITests" */ = {
			isa = XCConfigurationList;
			buildConfigurations = (
				E0316A862529F95E00C33449 /* Debug */,
				E0316A872529F95E00C33449 /* Release */,
			);
			defaultConfigurationIsVisible = 0;
			defaultConfigurationName = Release;
		};
/* End XCConfigurationList section */

/* Begin XCVersionGroup section */
		E0316A5E2529F95D00C33449 /* Reciplease.xcdatamodeld */ = {
			isa = XCVersionGroup;
			children = (
				E0316A5F2529F95D00C33449 /* Reciplease.xcdatamodel */,
			);
			currentVersion = E0316A5F2529F95D00C33449 /* Reciplease.xcdatamodel */;
			path = Reciplease.xcdatamodeld;
			sourceTree = "<group>";
			versionGroupType = wrapper.xcdatamodel;
		};
/* End XCVersionGroup section */
	};
	rootObject = E0316A4A2529F95D00C33449 /* Project object */;
}
